
Microsoft Visual Studio Solution File, Format Version 12.00
# Visual Studio Version 17
VisualStudioVersion = 17.0.31521.260
MinimumVisualStudioVersion = 10.0.40219.1
Project("{8BC9CEB8-8B4A-11D0-8D11-00A0C91BC942}") = "3-5ValueThick", "3-5ValueThick.vcxproj", "{F54A5AF2-CAC5-48FB-BBF6-24C8A974DB30}"
EndProject
Global
	GlobalSection(SolutionConfigurationPlatforms) = preSolution
		Debug|x64 = Debug|x64
		Debug|x86 = Debug|x86
		Release|x64 = Release|x64
		Release|x86 = Release|x86
	EndGlobalSection
	GlobalSection(ProjectConfigurationPlatforms) = postSolution
		{F54A5AF2-CAC5-48FB-BBF6-24C8A974DB30}.Debug|x64.ActiveCfg = Debug|x64
		{F54A5AF2-CAC5-48FB-BBF6-24C8A974DB30}.Debug|x64.Build.0 = Debug|x64
		{F54A5AF2-CAC5-48FB-BBF6-24C8A974DB30}.Debug|x86.ActiveCfg = Debug|Win32
		{F54A5AF2-CAC5-48FB-BBF6-24C8A974DB30}.Debug|x86.Build.0 = Debug|Win32
		{F54A5AF2-CAC5-48FB-BBF6-24C8A974DB30}.Release|x64.ActiveCfg = Release|x64
		{F54A5AF2-CAC5-48FB-BBF6-24C8A974DB30}.Release|x64.Build.0 = Release|x64
		{F54A5AF2-CAC5-48FB-BBF6-24C8A974DB30}.Release|x86.ActiveCfg = Release|Win32
		{F54A5AF2-CAC5-48FB-BBF6-24C8A974DB30}.Release|x86.Build.0 = Release|Win32
	EndGlobalSection
	GlobalSection(SolutionProperties) = preSolution
		HideSolutionNode = FALSE
	EndGlobalSection
	GlobalSection(ExtensibilityGlobals) = postSolution
		SolutionGuid = {750928D8-8507-423E-9791-2A9614E4AB22}
	EndGlobalSection
EndGlobal
