
Microsoft Visual Studio Solution File, Format Version 12.00
# Visual Studio Version 16
VisualStudioVersion = 16.0.31515.178
MinimumVisualStudioVersion = 10.0.40219.1
Project("{8BC9CEB8-8B4A-11D0-8D11-00A0C91BC942}") = "CumleSonuAyniMi", "CumleSonuAyniMi.vcxproj", "{BE0A9691-65C1-4E71-A5D2-E6E479963F4E}"
EndProject
Global
	GlobalSection(SolutionConfigurationPlatforms) = preSolution
		Debug|x64 = Debug|x64
		Debug|x86 = Debug|x86
		Release|x64 = Release|x64
		Release|x86 = Release|x86
	EndGlobalSection
	GlobalSection(ProjectConfigurationPlatforms) = postSolution
		{BE0A9691-65C1-4E71-A5D2-E6E479963F4E}.Debug|x64.ActiveCfg = Debug|x64
		{BE0A9691-65C1-4E71-A5D2-E6E479963F4E}.Debug|x64.Build.0 = Debug|x64
		{BE0A9691-65C1-4E71-A5D2-E6E479963F4E}.Debug|x86.ActiveCfg = Debug|Win32
		{BE0A9691-65C1-4E71-A5D2-E6E479963F4E}.Debug|x86.Build.0 = Debug|Win32
		{BE0A9691-65C1-4E71-A5D2-E6E479963F4E}.Release|x64.ActiveCfg = Release|x64
		{BE0A9691-65C1-4E71-A5D2-E6E479963F4E}.Release|x64.Build.0 = Release|x64
		{BE0A9691-65C1-4E71-A5D2-E6E479963F4E}.Release|x86.ActiveCfg = Release|Win32
		{BE0A9691-65C1-4E71-A5D2-E6E479963F4E}.Release|x86.Build.0 = Release|Win32
	EndGlobalSection
	GlobalSection(SolutionProperties) = preSolution
		HideSolutionNode = FALSE
	EndGlobalSection
	GlobalSection(ExtensibilityGlobals) = postSolution
		SolutionGuid = {13A5D4CB-8263-4FA3-BF52-5C92B12637A0}
	EndGlobalSection
EndGlobal
